
Microsoft Visual Studio Solution File, Format Version 12.00
Project("{FAE04EC0-301F-11D3-BF4B-00C04F79EFBC}") = "Oxide.Ext.Steamcord", "Oxide.Ext.Steamcord\Oxide.Ext.Steamcord.csproj", "{E1C7EA85-59D6-48BB-83C3-C71AA79C82DC}"
EndProject
Global
	GlobalSection(SolutionConfigurationPlatforms) = preSolution
		Debug|Any CPU = Debug|Any CPU
		Release|Any CPU = Release|Any CPU
	EndGlobalSection
	GlobalSection(ProjectConfigurationPlatforms) = postSolution
		{E1C7EA85-59D6-48BB-83C3-C71AA79C82DC}.Debug|Any CPU.ActiveCfg = Debug|Any CPU
		{E1C7EA85-59D6-48BB-83C3-C71AA79C82DC}.Debug|Any CPU.Build.0 = Debug|Any CPU
		{E1C7EA85-59D6-48BB-83C3-C71AA79C82DC}.Release|Any CPU.ActiveCfg = Release|Any CPU
		{E1C7EA85-59D6-48BB-83C3-C71AA79C82DC}.Release|Any CPU.Build.0 = Release|Any CPU
	EndGlobalSection
EndGlobal
