
Microsoft Visual Studio Solution File, Format Version 12.00
Project("{FAE04EC0-301F-11D3-BF4B-00C04F79EFBC}") = "Steamcord.Integrations.Rust", "Steamcord.Integrations.Rust\Steamcord.Integrations.Rust.csproj", "{CDE444EE-D3BB-46DD-91B8-316D5D8C52F1}"
EndProject
Global
	GlobalSection(SolutionConfigurationPlatforms) = preSolution
		Debug|Any CPU = Debug|Any CPU
		Release|Any CPU = Release|Any CPU
	EndGlobalSection
	GlobalSection(ProjectConfigurationPlatforms) = postSolution
		{CDE444EE-D3BB-46DD-91B8-316D5D8C52F1}.Debug|Any CPU.ActiveCfg = Debug|Any CPU
		{CDE444EE-D3BB-46DD-91B8-316D5D8C52F1}.Debug|Any CPU.Build.0 = Debug|Any CPU
		{CDE444EE-D3BB-46DD-91B8-316D5D8C52F1}.Release|Any CPU.ActiveCfg = Release|Any CPU
		{CDE444EE-D3BB-46DD-91B8-316D5D8C52F1}.Release|Any CPU.Build.0 = Release|Any CPU
	EndGlobalSection
EndGlobal
